
Microsoft Visual Studio Solution File, Format Version 12.00
# Visual Studio 15
VisualStudioVersion = 15.0.28307.1525
MinimumVisualStudioVersion = 10.0.40219.1
Project("{FAE04EC0-301F-11D3-BF4B-00C04F79EFBC}") = "WebApi", "WebApi\WebApi.csproj", "{51A3E151-C83B-4C4A-8B2E-A55BA09821EC}"
EndProject
Global
	GlobalSection(SolutionConfigurationPlatforms) = preSolution
		Debug|Any CPU = Debug|Any CPU
		Release|Any CPU = Release|Any CPU
	EndGlobalSection
	GlobalSection(ProjectConfigurationPlatforms) = postSolution
		{51A3E151-C83B-4C4A-8B2E-A55BA09821EC}.Debug|Any CPU.ActiveCfg = Debug|Any CPU
		{51A3E151-C83B-4C4A-8B2E-A55BA09821EC}.Debug|Any CPU.Build.0 = Debug|Any CPU
		{51A3E151-C83B-4C4A-8B2E-A55BA09821EC}.Release|Any CPU.ActiveCfg = Release|Any CPU
		{51A3E151-C83B-4C4A-8B2E-A55BA09821EC}.Release|Any CPU.Build.0 = Release|Any CPU
	EndGlobalSection
	GlobalSection(SolutionProperties) = preSolution
		HideSolutionNode = FALSE
	EndGlobalSection
	GlobalSection(ExtensibilityGlobals) = postSolution
		SolutionGuid = {92E28AAD-0977-4881-9E70-FD0B0F657A35}
	EndGlobalSection
EndGlobal
